
Microsoft Visual Studio Solution File, Format Version 12.00
# Visual Studio Version 16
VisualStudioVersion = 16.0.31702.278
MinimumVisualStudioVersion = 10.0.40219.1
Project("{FAE04EC0-301F-11D3-BF4B-00C04F79EFBC}") = "CaeserCipher", "CaeserCipher\CaeserCipher.csproj", "{5EA02D8C-C122-46BF-861E-19D9B8A50357}"
EndProject
Project("{FAE04EC0-301F-11D3-BF4B-00C04F79EFBC}") = "TestCipher.UnitTests", "TestCipher.UnitTests\TestCipher.UnitTests.csproj", "{C0984E6D-2285-4014-BF85-29C1F4E9391C}"
EndProject
Global
	GlobalSection(SolutionConfigurationPlatforms) = preSolution
		Debug|Any CPU = Debug|Any CPU
		Release|Any CPU = Release|Any CPU
	EndGlobalSection
	GlobalSection(ProjectConfigurationPlatforms) = postSolution
		{5EA02D8C-C122-46BF-861E-19D9B8A50357}.Debug|Any CPU.ActiveCfg = Debug|Any CPU
		{5EA02D8C-C122-46BF-861E-19D9B8A50357}.Debug|Any CPU.Build.0 = Debug|Any CPU
		{5EA02D8C-C122-46BF-861E-19D9B8A50357}.Release|Any CPU.ActiveCfg = Release|Any CPU
		{5EA02D8C-C122-46BF-861E-19D9B8A50357}.Release|Any CPU.Build.0 = Release|Any CPU
		{C0984E6D-2285-4014-BF85-29C1F4E9391C}.Debug|Any CPU.ActiveCfg = Debug|Any CPU
		{C0984E6D-2285-4014-BF85-29C1F4E9391C}.Debug|Any CPU.Build.0 = Debug|Any CPU
		{C0984E6D-2285-4014-BF85-29C1F4E9391C}.Release|Any CPU.ActiveCfg = Release|Any CPU
		{C0984E6D-2285-4014-BF85-29C1F4E9391C}.Release|Any CPU.Build.0 = Release|Any CPU
	EndGlobalSection
	GlobalSection(SolutionProperties) = preSolution
		HideSolutionNode = FALSE
	EndGlobalSection
	GlobalSection(ExtensibilityGlobals) = postSolution
		SolutionGuid = {8DF6262E-D362-4BC8-B251-1CCB03B16264}
	EndGlobalSection
EndGlobal
